
Microsoft Visual Studio Solution File, Format Version 12.00
# Visual Studio Version 17
VisualStudioVersion = 17.7.34202.233
MinimumVisualStudioVersion = 10.0.40219.1
Project("{9A19103F-16F7-4668-BE54-9A1E7A4F7556}") = "Test", "SpecFlowProject10\Test.csproj", "{78BDCA87-F008-4B4D-9C58-08C2E85E0778}"
EndProject
Project("{FAE04EC0-301F-11D3-BF4B-00C04F79EFBC}") = "New-Framework", "New-Framework\New-Framework.csproj", "{EE1105E3-C685-4F86-A5B1-E080E523378A}"
EndProject
Global
	GlobalSection(SolutionConfigurationPlatforms) = preSolution
		Debug|Any CPU = Debug|Any CPU
		Release|Any CPU = Release|Any CPU
	EndGlobalSection
	GlobalSection(ProjectConfigurationPlatforms) = postSolution
		{78BDCA87-F008-4B4D-9C58-08C2E85E0778}.Debug|Any CPU.ActiveCfg = Debug|Any CPU
		{78BDCA87-F008-4B4D-9C58-08C2E85E0778}.Debug|Any CPU.Build.0 = Debug|Any CPU
		{78BDCA87-F008-4B4D-9C58-08C2E85E0778}.Release|Any CPU.ActiveCfg = Release|Any CPU
		{78BDCA87-F008-4B4D-9C58-08C2E85E0778}.Release|Any CPU.Build.0 = Release|Any CPU
		{EE1105E3-C685-4F86-A5B1-E080E523378A}.Debug|Any CPU.ActiveCfg = Debug|Any CPU
		{EE1105E3-C685-4F86-A5B1-E080E523378A}.Debug|Any CPU.Build.0 = Debug|Any CPU
		{EE1105E3-C685-4F86-A5B1-E080E523378A}.Release|Any CPU.ActiveCfg = Release|Any CPU
		{EE1105E3-C685-4F86-A5B1-E080E523378A}.Release|Any CPU.Build.0 = Release|Any CPU
	EndGlobalSection
	GlobalSection(SolutionProperties) = preSolution
		HideSolutionNode = FALSE
	EndGlobalSection
	GlobalSection(ExtensibilityGlobals) = postSolution
		SolutionGuid = {53FE66F4-81FA-4F50-9DBC-E11568BC8963}
	EndGlobalSection
EndGlobal
